
Microsoft Visual Studio Solution File, Format Version 12.00
# Visual Studio Version 16
VisualStudioVersion = 16.0.29503.13
MinimumVisualStudioVersion = 10.0.40219.1
Project("{2150E333-8FDC-42A3-9474-1A3956D46DE8}") = "SolutionItems", "SolutionItems", "{1732DAED-DA1C-4898-B4CB-A5310F1314C0}"
	ProjectSection(SolutionItems) = preProject
		..\.gitattributes = ..\.gitattributes
		..\.gitignore = ..\.gitignore
		..\clean-with-scc.bat = ..\clean-with-scc.bat
		..\README.md = ..\README.md
	EndProjectSection
EndProject
Project("{FAE04EC0-301F-11D3-BF4B-00C04F79EFBC}") = "LBBaseUpdateService.BusinessLogic", "LBBaseUpdateService.BusinessLogic\LBBaseUpdateService.BusinessLogic.csproj", "{A7B6F3DF-61CC-4E85-BF50-524142E0D6A5}"
EndProject
Project("{9A19103F-16F7-4668-BE54-9A1E7A4F7556}") = "LBBaseUpdateService.Headless", "LBBaseUpdateService.Headless\LBBaseUpdateService.Headless.csproj", "{9C7E6AFF-3177-4D3A-B44E-DD8034D2CB3C}"
EndProject
Project("{FAE04EC0-301F-11D3-BF4B-00C04F79EFBC}") = "LBBaseUpdateService.Common", "LBBaseUpdateService.Common\LBBaseUpdateService.Common.csproj", "{11173A8E-F0A5-4BF5-B82F-68246385D012}"
EndProject
Project("{2150E333-8FDC-42A3-9474-1A3956D46DE8}") = "src", "src", "{A2F1870F-482B-43D7-8D57-3222D8C22B7D}"
EndProject
Project("{2150E333-8FDC-42A3-9474-1A3956D46DE8}") = "Tests", "Tests", "{BB536DED-C2D2-478C-AB40-C1DEAA8C5BC4}"
EndProject
Project("{FAE04EC0-301F-11D3-BF4B-00C04F79EFBC}") = "LBBaseUpdateService.BusinessLogic.Tests", "LBBaseUpdateService.BusinessLogic.Tests\LBBaseUpdateService.BusinessLogic.Tests.csproj", "{411922B9-6422-4741-AE47-3917C291023E}"
EndProject
Project("{FAE04EC0-301F-11D3-BF4B-00C04F79EFBC}") = "BitrixService", "..\..\..\BitrixService\src\BitrixService\BitrixService.csproj", "{0738FA36-0D4C-45CC-AEEE-D9B336B474FC}"
EndProject
Global
	GlobalSection(SolutionConfigurationPlatforms) = preSolution
		Debug|Any CPU = Debug|Any CPU
		Release|Any CPU = Release|Any CPU
	EndGlobalSection
	GlobalSection(ProjectConfigurationPlatforms) = postSolution
		{A7B6F3DF-61CC-4E85-BF50-524142E0D6A5}.Debug|Any CPU.ActiveCfg = Debug|Any CPU
		{A7B6F3DF-61CC-4E85-BF50-524142E0D6A5}.Debug|Any CPU.Build.0 = Debug|Any CPU
		{A7B6F3DF-61CC-4E85-BF50-524142E0D6A5}.Release|Any CPU.ActiveCfg = Release|Any CPU
		{A7B6F3DF-61CC-4E85-BF50-524142E0D6A5}.Release|Any CPU.Build.0 = Release|Any CPU
		{9C7E6AFF-3177-4D3A-B44E-DD8034D2CB3C}.Debug|Any CPU.ActiveCfg = Debug|Any CPU
		{9C7E6AFF-3177-4D3A-B44E-DD8034D2CB3C}.Debug|Any CPU.Build.0 = Debug|Any CPU
		{9C7E6AFF-3177-4D3A-B44E-DD8034D2CB3C}.Release|Any CPU.ActiveCfg = Release|Any CPU
		{9C7E6AFF-3177-4D3A-B44E-DD8034D2CB3C}.Release|Any CPU.Build.0 = Release|Any CPU
		{11173A8E-F0A5-4BF5-B82F-68246385D012}.Debug|Any CPU.ActiveCfg = Debug|Any CPU
		{11173A8E-F0A5-4BF5-B82F-68246385D012}.Debug|Any CPU.Build.0 = Debug|Any CPU
		{11173A8E-F0A5-4BF5-B82F-68246385D012}.Release|Any CPU.ActiveCfg = Release|Any CPU
		{11173A8E-F0A5-4BF5-B82F-68246385D012}.Release|Any CPU.Build.0 = Release|Any CPU
		{411922B9-6422-4741-AE47-3917C291023E}.Debug|Any CPU.ActiveCfg = Debug|Any CPU
		{411922B9-6422-4741-AE47-3917C291023E}.Debug|Any CPU.Build.0 = Debug|Any CPU
		{411922B9-6422-4741-AE47-3917C291023E}.Release|Any CPU.ActiveCfg = Release|Any CPU
		{411922B9-6422-4741-AE47-3917C291023E}.Release|Any CPU.Build.0 = Release|Any CPU
		{0738FA36-0D4C-45CC-AEEE-D9B336B474FC}.Debug|Any CPU.ActiveCfg = Debug|Any CPU
		{0738FA36-0D4C-45CC-AEEE-D9B336B474FC}.Debug|Any CPU.Build.0 = Debug|Any CPU
		{0738FA36-0D4C-45CC-AEEE-D9B336B474FC}.Release|Any CPU.ActiveCfg = Release|Any CPU
		{0738FA36-0D4C-45CC-AEEE-D9B336B474FC}.Release|Any CPU.Build.0 = Release|Any CPU
	EndGlobalSection
	GlobalSection(SolutionProperties) = preSolution
		HideSolutionNode = FALSE
	EndGlobalSection
	GlobalSection(ExtensibilityGlobals) = postSolution
		SolutionGuid = {4A5622F6-D2BC-4156-ACA5-0068EE138FD6}
	EndGlobalSection
	GlobalSection(NestedProjects) = preSolution
		{A7B6F3DF-61CC-4E85-BF50-524142E0D6A5} = {A2F1870F-482B-43D7-8D57-3222D8C22B7D}
		{11173A8E-F0A5-4BF5-B82F-68246385D012} = {A2F1870F-482B-43D7-8D57-3222D8C22B7D}
		{9C7E6AFF-3177-4D3A-B44E-DD8034D2CB3C} = {A2F1870F-482B-43D7-8D57-3222D8C22B7D}
		{411922B9-6422-4741-AE47-3917C291023E} = {BB536DED-C2D2-478C-AB40-C1DEAA8C5BC4}
		{0738FA36-0D4C-45CC-AEEE-D9B336B474FC} = {A2F1870F-482B-43D7-8D57-3222D8C22B7D}
	EndGlobalSection
EndGlobal
