
Microsoft Visual Studio Solution File, Format Version 12.00
# Visual Studio Version 16
VisualStudioVersion = 16.0.29503.13
MinimumVisualStudioVersion = 10.0.40219.1
Project("{2150E333-8FDC-42A3-9474-1A3956D46DE8}") = "SolutionItems", "SolutionItems", "{1732DAED-DA1C-4898-B4CB-A5310F1314C0}"
	ProjectSection(SolutionItems) = preProject
		..\.gitattributes = ..\.gitattributes
		..\.gitignore = ..\.gitignore
		..\clean-with-scc.bat = ..\clean-with-scc.bat
		..\README.md = ..\README.md
	EndProjectSection
EndProject
Project("{FAE04EC0-301F-11D3-BF4B-00C04F79EFBC}") = "TheNewCSVEditorForLB.BusinessLogic", "TheNewCSVEditorForLB.BusinessLogic\TheNewCSVEditorForLB.BusinessLogic.csproj", "{A7B6F3DF-61CC-4E85-BF50-524142E0D6A5}"
EndProject
Project("{9A19103F-16F7-4668-BE54-9A1E7A4F7556}") = "TheNewCSVEditorForLB.Console", "TheNewCSVEditorForLB.Console\TheNewCSVEditorForLB.Console.csproj", "{5765CF33-92F5-4EB2-B567-C6D18C36FBAD}"
EndProject
Project("{9A19103F-16F7-4668-BE54-9A1E7A4F7556}") = "TheNewCSVEditorForLB.Ui", "TheNewCSVEditorForLB.Ui\TheNewCSVEditorForLB.Ui.csproj", "{BC21E2F9-B98B-499C-81E9-1AC46F9CA728}"
EndProject
Global
	GlobalSection(SolutionConfigurationPlatforms) = preSolution
		Debug|Any CPU = Debug|Any CPU
		Release|Any CPU = Release|Any CPU
	EndGlobalSection
	GlobalSection(ProjectConfigurationPlatforms) = postSolution
		{A7B6F3DF-61CC-4E85-BF50-524142E0D6A5}.Debug|Any CPU.ActiveCfg = Debug|Any CPU
		{A7B6F3DF-61CC-4E85-BF50-524142E0D6A5}.Debug|Any CPU.Build.0 = Debug|Any CPU
		{A7B6F3DF-61CC-4E85-BF50-524142E0D6A5}.Release|Any CPU.ActiveCfg = Release|Any CPU
		{A7B6F3DF-61CC-4E85-BF50-524142E0D6A5}.Release|Any CPU.Build.0 = Release|Any CPU
		{5765CF33-92F5-4EB2-B567-C6D18C36FBAD}.Debug|Any CPU.ActiveCfg = Debug|Any CPU
		{5765CF33-92F5-4EB2-B567-C6D18C36FBAD}.Debug|Any CPU.Build.0 = Debug|Any CPU
		{5765CF33-92F5-4EB2-B567-C6D18C36FBAD}.Release|Any CPU.ActiveCfg = Release|Any CPU
		{5765CF33-92F5-4EB2-B567-C6D18C36FBAD}.Release|Any CPU.Build.0 = Release|Any CPU
		{BC21E2F9-B98B-499C-81E9-1AC46F9CA728}.Debug|Any CPU.ActiveCfg = Debug|Any CPU
		{BC21E2F9-B98B-499C-81E9-1AC46F9CA728}.Debug|Any CPU.Build.0 = Debug|Any CPU
		{BC21E2F9-B98B-499C-81E9-1AC46F9CA728}.Release|Any CPU.ActiveCfg = Release|Any CPU
		{BC21E2F9-B98B-499C-81E9-1AC46F9CA728}.Release|Any CPU.Build.0 = Release|Any CPU
	EndGlobalSection
	GlobalSection(SolutionProperties) = preSolution
		HideSolutionNode = FALSE
	EndGlobalSection
	GlobalSection(ExtensibilityGlobals) = postSolution
		SolutionGuid = {4A5622F6-D2BC-4156-ACA5-0068EE138FD6}
	EndGlobalSection
EndGlobal
